
Microsoft Visual Studio Solution File, Format Version 12.00
# Visual Studio Version 17
VisualStudioVersion = 17.4.33122.133
MinimumVisualStudioVersion = 10.0.40219.1
Project("{FAE04EC0-301F-11D3-BF4B-00C04F79EFBC}") = "master", "master.csproj", "{48018922-14B7-4656-BC35-D3D545B0C2BB}"
EndProject
Global
	GlobalSection(SolutionConfigurationPlatforms) = preSolution
		Debug|Any CPU = Debug|Any CPU
		Release|Any CPU = Release|Any CPU
	EndGlobalSection
	GlobalSection(ProjectConfigurationPlatforms) = postSolution
		{48018922-14B7-4656-BC35-D3D545B0C2BB}.Debug|Any CPU.ActiveCfg = Debug|Any CPU
		{48018922-14B7-4656-BC35-D3D545B0C2BB}.Debug|Any CPU.Build.0 = Debug|Any CPU
		{48018922-14B7-4656-BC35-D3D545B0C2BB}.Release|Any CPU.ActiveCfg = Release|Any CPU
		{48018922-14B7-4656-BC35-D3D545B0C2BB}.Release|Any CPU.Build.0 = Release|Any CPU
	EndGlobalSection
	GlobalSection(SolutionProperties) = preSolution
		HideSolutionNode = FALSE
	EndGlobalSection
	GlobalSection(ExtensibilityGlobals) = postSolution
		SolutionGuid = {697334CC-6FBF-4F5E-AECD-0032B3751370}
	EndGlobalSection
EndGlobal
